<?xml version="1.0" encoding="UTF-8" standalone="yes" ?>
<CodeBlocks_project_file>
	<FileVersion major="1" minor="6" />
	<Project>
		<Option title=".ntl" />
		<Option pch_mode="2" />
		<Option compiler="msvc8" />
		<Build>
			<Target title="default">
				<Option output="ontl-9" prefix_auto="1" extension_auto="1" />
				<Option type="0" />
				<Option compiler="msvc8" />
			</Target>
		</Build>
		<Unit filename="atomic.hxx" />
		<Unit filename="baseconf.hxx" />
		<Unit filename="baseconf_0x.hxx" />
		<Unit filename="basedef.hxx" />
		<Unit filename="consoleapp.hxx" />
		<Unit filename="copying.txt" />
		<Unit filename="cpu.hxx" />
		<Unit filename="crypto/md5.hxx" />
		<Unit filename="crypto/sha.hxx" />
		<Unit filename="device_traits.hxx" />
		<Unit filename="file.hxx" />
		<Unit filename="format.hxx" />
		<Unit filename="handle.hxx" />
		<Unit filename="km/apc.hxx" />
		<Unit filename="km/basedef.hxx" />
		<Unit filename="km/dbgstream.hxx" />
		<Unit filename="km/debug.hxx" />
		<Unit filename="km/device_object.hxx" />
		<Unit filename="km/dpc.hxx" />
		<Unit filename="km/driver_object.hxx" />
		<Unit filename="km/event.hxx" />
		<Unit filename="km/fast_io.hxx" />
		<Unit filename="km/file.hxx" />
		<Unit filename="km/file_information.hxx" />
		<Unit filename="km/file_object.hxx" />
		<Unit filename="km/fltmgr.hxx" />
		<Unit filename="km/handle.hxx" />
		<Unit filename="km/image.hxx" />
		<Unit filename="km/io.hxx" />
		<Unit filename="km/iocp.hxx" />
		<Unit filename="km/ioctl.hxx" />
		<Unit filename="km/irp.hxx" />
		<Unit filename="km/lookaside_list.hxx" />
		<Unit filename="km/memory.hxx" />
		<Unit filename="km/miniport.hxx" />
		<Unit filename="km/mm.hxx" />
		<Unit filename="km/mutex.hxx" />
		<Unit filename="km/ndis.hxx" />
		<Unit filename="km/new.hxx" />
		<Unit filename="km/object.hxx" />
		<Unit filename="km/pool.hxx" />
		<Unit filename="km/process.hxx" />
		<Unit filename="km/process_information.hxx" />
		<Unit filename="km/registry.hxx" />
		<Unit filename="km/string.hxx" />
		<Unit filename="km/system_error.hxx" />
		<Unit filename="km/system_information.hxx" />
		<Unit filename="km/tdi.hxx" />
		<Unit filename="km/thread.hxx" />
		<Unit filename="km/time.hxx" />
		<Unit filename="km/winsock.hxx" />
		<Unit filename="linked_list.hxx" />
		<Unit filename="linked_ptr.hxx" />
		<Unit filename="nativeapp.hxx" />
		<Unit filename="nt/apc.hxx" />
		<Unit filename="nt/basedef.hxx" />
		<Unit filename="nt/cond_variable.hxx" />
		<Unit filename="nt/context.hxx" />
		<Unit filename="nt/csr.hxx" />
		<Unit filename="nt/dbgstream.hxx" />
		<Unit filename="nt/debug.hxx" />
		<Unit filename="nt/environ.hxx" />
		<Unit filename="nt/event.hxx" />
		<Unit filename="nt/exception.hxx" />
		<Unit filename="nt/file.hxx" />
		<Unit filename="nt/file_information.hxx" />
		<Unit filename="nt/handle.hxx" />
		<Unit filename="nt/heap.hxx" />
		<Unit filename="nt/iocp.hxx" />
		<Unit filename="nt/ioctl.hxx" />
		<Unit filename="nt/mutex.hxx" />
		<Unit filename="nt/new.hxx" />
		<Unit filename="nt/object.hxx" />
		<Unit filename="nt/peb.hxx" />
		<Unit filename="nt/process_information.hxx" />
		<Unit filename="nt/registry.hxx" />
		<Unit filename="nt/resource.hxx" />
		<Unit filename="nt/security.hxx" />
		<Unit filename="nt/semaphore.hxx" />
		<Unit filename="nt/service.hxx" />
		<Unit filename="nt/shared_data.hxx" />
		<Unit filename="nt/srwlock.hxx" />
		<Unit filename="nt/status.hxx" />
		<Unit filename="nt/strerror.hxx" />
		<Unit filename="nt/string.hxx" />
		<Unit filename="nt/system_error.hxx" />
		<Unit filename="nt/system_information.hxx" />
		<Unit filename="nt/teb.hxx" />
		<Unit filename="nt/thread.hxx" />
		<Unit filename="nt/time.hxx" />
		<Unit filename="nt/timer.hxx" />
		<Unit filename="nt/transaction.hxx" />
		<Unit filename="nt/virtualmem.hxx" />
		<Unit filename="nt/win32_error.hxx" />
		<Unit filename="pe/image.hxx" />
		<Unit filename="rtl/consoleapp.cpp" />
		<Unit filename="rtl/crt.cpp" />
		<Unit filename="rtl/dbgstream.cpp" />
		<Unit filename="rtl/eh.cpp" />
		<Unit filename="rtl/ehptr.cpp" />
		<Unit filename="rtl/ehsup.asm" />
		<Unit filename="rtl/iostream.cpp" />
		<Unit filename="rtl/math.cpp" />
		<Unit filename="rtl/msvcrt.cpp" />
		<Unit filename="rtl/rtti.cpp" />
		<Unit filename="rtl/safeseh.asm" />
		<Unit filename="rtl/wchar_mask_data.cpp" />
		<Unit filename="spp/args.hxx" />
		<Unit filename="spp/control.hxx" />
		<Unit filename="spp/loop.hxx" />
		<Unit filename="spp/math.hxx" />
		<Unit filename="spp/utility.hxx" />
		<Unit filename="stdint.h" />
		<Unit filename="stdlib.hxx" />
		<Unit filename="stlx/0order.hxx" />
		<Unit filename="stlx/algorithm.hxx" />
		<Unit filename="stlx/array.hxx" />
		<Unit filename="stlx/atomic.hxx" />
		<Unit filename="stlx/bind.hxx" />
		<Unit filename="stlx/bind_rv.hxx" />
		<Unit filename="stlx/bind_vt.hxx" />
		<Unit filename="stlx/bitset.hxx" />
		<Unit filename="stlx/cassert.hxx" />
		<Unit filename="stlx/cctype.hxx" />
		<Unit filename="stlx/cfenv.hxx" />
		<Unit filename="stlx/cfloat.hxx" />
		<Unit filename="stlx/chrono.hxx" />
		<Unit filename="stlx/cinttypes.hxx" />
		<Unit filename="stlx/climits.hxx" />
		<Unit filename="stlx/cmath.hxx" />
		<Unit filename="stlx/codecvt.hxx" />
		<Unit filename="stlx/condition_variable.hxx" />
		<Unit filename="stlx/cpp0x_mode.hxx" />
		<Unit filename="stlx/cstd/assert.h" />
		<Unit filename="stlx/cstd/ctype.h" />
		<Unit filename="stlx/cstd/float.h" />
		<Unit filename="stlx/cstd/inttypes.h" />
		<Unit filename="stlx/cstd/limits.h" />
		<Unit filename="stlx/cstd/math.h" />
		<Unit filename="stlx/cstd/memory.h" />
		<Unit filename="stlx/cstd/stdarg.h" />
		<Unit filename="stlx/cstd/stdbool.h" />
		<Unit filename="stlx/cstd/stddef.h" />
		<Unit filename="stlx/cstd/stdint.h" />
		<Unit filename="stlx/cstd/stdio.h" />
		<Unit filename="stlx/cstd/stdlib.h" />
		<Unit filename="stlx/cstd/string.h" />
		<Unit filename="stlx/cstd/time.h" />
		<Unit filename="stlx/cstd/uchar.h" />
		<Unit filename="stlx/cstd/wchar.h" />
		<Unit filename="stlx/cstd/wctype.h" />
		<Unit filename="stlx/cstdarg.hxx" />
		<Unit filename="stlx/cstddef.hxx" />
		<Unit filename="stlx/cstdint.hxx" />
		<Unit filename="stlx/cstdio.hxx" />
		<Unit filename="stlx/cstdlib.hxx" />
		<Unit filename="stlx/cstring.hxx" />
		<Unit filename="stlx/ctime.hxx" />
		<Unit filename="stlx/cuchar.hxx" />
		<Unit filename="stlx/cwchar.hxx" />
		<Unit filename="stlx/cwctype.hxx" />
		<Unit filename="stlx/deque.hxx" />
		<Unit filename="stlx/exception2.hxx" />
		<Unit filename="stlx/excptdef.hxx" />
		<Unit filename="stlx/ext/hashtable.hxx" />
		<Unit filename="stlx/ext/numeric_conversions.hxx" />
		<Unit filename="stlx/ext/pp/config.hxx" />
		<Unit filename="stlx/ext/pp/macro_counter.hxx" />
		<Unit filename="stlx/ext/pp/macro_misc.hxx" />
		<Unit filename="stlx/ext/pp/macro_params.hxx" />
		<Unit filename="stlx/ext/pp/macro_repeat.hxx" />
		<Unit filename="stlx/ext/rbtree.hxx" />
		<Unit filename="stlx/ext/split.hxx" />
		<Unit filename="stlx/ext/tr1/smart_ptr_tr1.hxx" />
		<Unit filename="stlx/ext/tr2/buffer.hxx" />
		<Unit filename="stlx/ext/tr2/files.hxx" />
		<Unit filename="stlx/ext/tr2/filesystem.hxx" />
		<Unit filename="stlx/ext/tr2/filesystem/fs_directory.hxx" />
		<Unit filename="stlx/ext/tr2/filesystem/fs_directory_v3.hxx" />
		<Unit filename="stlx/ext/tr2/filesystem/fs_operations.hxx" />
		<Unit filename="stlx/ext/tr2/filesystem/fs_operations_v3.hxx" />
		<Unit filename="stlx/ext/tr2/filesystem/fs_ops3_impl.hxx" />
		<Unit filename="stlx/ext/tr2/filesystem/fs_path.hxx" />
		<Unit filename="stlx/ext/tr2/filesystem/fs_path_impl.hxx" />
		<Unit filename="stlx/ext/tr2/filesystem/fs_traits.hxx" />
		<Unit filename="stlx/ext/tr2/filesystem_v3.hxx" />
		<Unit filename="stlx/ext/tr2/io_service.hxx" />
		<Unit filename="stlx/ext/tr2/network.hxx" />
		<Unit filename="stlx/ext/tr2/network/basic_endpoint.hxx" />
		<Unit filename="stlx/ext/tr2/network/basic_io_object.hxx" />
		<Unit filename="stlx/ext/tr2/network/basic_resolver.hxx" />
		<Unit filename="stlx/ext/tr2/network/basic_socket.hxx" />
		<Unit filename="stlx/ext/tr2/network/buffer.hxx" />
		<Unit filename="stlx/ext/tr2/network/datagram_socket.hxx" />
		<Unit filename="stlx/ext/tr2/network/datagram_socket_service.hxx" />
		<Unit filename="stlx/ext/tr2/network/io_service.hxx" />
		<Unit filename="stlx/ext/tr2/network/io_service_fwd.hxx" />
		<Unit filename="stlx/ext/tr2/network/ip_address.hxx" />
		<Unit filename="stlx/ext/tr2/network/ip_protocol.hxx" />
		<Unit filename="stlx/ext/tr2/network/network_error.hxx" />
		<Unit filename="stlx/ext/tr2/network/network_fwd.hxx" />
		<Unit filename="stlx/ext/tr2/network/resolver_base.hxx" />
		<Unit filename="stlx/ext/tr2/network/resolver_service.hxx" />
		<Unit filename="stlx/ext/tr2/network/socket_acceptor.hxx" />
		<Unit filename="stlx/ext/tr2/network/socket_acceptor_service.hxx" />
		<Unit filename="stlx/ext/tr2/network/socket_base.hxx" />
		<Unit filename="stlx/ext/tr2/network/stream_socket.hxx" />
		<Unit filename="stlx/ext/tr2/network/stream_socket_service.hxx" />
		<Unit filename="stlx/ext/tr2/network/system_network.hxx" />
		<Unit filename="stlx/ext/tr2/network/timer.hxx" />
		<Unit filename="stlx/ext/tr2/network/winsock/service_resolve.hxx" />
		<Unit filename="stlx/ext/tr2/network/winsock/service_sockets.hxx" />
		<Unit filename="stlx/ext/tr2/network/winsock/sockets.hxx" />
		<Unit filename="stlx/ext/tr2/quoted.hxx" />
		<Unit filename="stlx/ext/tr2/timer.hxx" />
		<Unit filename="stlx/ext/ttl/data_holder.hxx" />
		<Unit filename="stlx/ext/ttl/exception.hxx" />
		<Unit filename="stlx/ext/ttl/typelist.hxx" />
		<Unit filename="stlx/ext/typelist.hxx" />
		<Unit filename="stlx/fn_caller.hxx" />
		<Unit filename="stlx/fn_caller_rv.hxx" />
		<Unit filename="stlx/forward_list.hxx" />
		<Unit filename="stlx/fstream.hxx" />
		<Unit filename="stlx/function.hxx" />
		<Unit filename="stlx/function_vt.hxx" />
		<Unit filename="stlx/functional.hxx" />
		<Unit filename="stlx/future.hxx" />
		<Unit filename="stlx/initializer_list.hxx" />
		<Unit filename="stlx/iomanip.hxx" />
		<Unit filename="stlx/ios.hxx" />
		<Unit filename="stlx/iosfwd.hxx" />
		<Unit filename="stlx/iostream.hxx" />
		<Unit filename="stlx/istream.hxx" />
		<Unit filename="stlx/iterator.hxx" />
		<Unit filename="stlx/limits.hxx" />
		<Unit filename="stlx/list.hxx" />
		<Unit filename="stlx/locale.hxx" />
		<Unit filename="stlx/map.hxx" />
		<Unit filename="stlx/mem_fn.hxx" />
		<Unit filename="stlx/mem_fn_rv.hxx" />
		<Unit filename="stlx/memory.hxx" />
		<Unit filename="stlx/move.hxx" />
		<Unit filename="stlx/mutex.hxx" />
		<Unit filename="stlx/new.hxx" />
		<Unit filename="stlx/numeric.hxx" />
		<Unit filename="stlx/ostream.hxx" />
		<Unit filename="stlx/placeholders.hxx" />
		<Unit filename="stlx/posix_error.hxx" />
		<Unit filename="stlx/priority_queue.hxx" />
		<Unit filename="stlx/queue.hxx" />
		<Unit filename="stlx/random.hxx" />
		<Unit filename="stlx/random_dist.hxx" />
		<Unit filename="stlx/ratio.hxx" />
		<Unit filename="stlx/reference_wrapper.hxx" />
		<Unit filename="stlx/regex.hxx" />
		<Unit filename="stlx/result_of.hxx" />
		<Unit filename="stlx/set.hxx" />
		<Unit filename="stlx/smart_ptr.hxx" />
		<Unit filename="stlx/smart_ptr_rv.hxx" />
		<Unit filename="stlx/sstream.hxx" />
		<Unit filename="stlx/stack.hxx" />
		<Unit filename="stlx/stdexcept.hxx" />
		<Unit filename="stlx/stdexcept_fwd.hxx" />
		<Unit filename="stlx/stdexception.hxx" />
		<Unit filename="stlx/stdstring.hxx" />
		<Unit filename="stlx/streambuf.hxx" />
		<Unit filename="stlx/string_ref.hxx" />
		<Unit filename="stlx/strstream.hxx" />
		<Unit filename="stlx/system_error.hxx" />
		<Unit filename="stlx/thread.hxx" />
		<Unit filename="stlx/tt_isfunc.inl" />
		<Unit filename="stlx/tt_isfuncc.inl" />
		<Unit filename="stlx/tt_ismemptr.inl" />
		<Unit filename="stlx/tuple.hxx" />
		<Unit filename="stlx/tuple_vt.hxx" />
		<Unit filename="stlx/type_traits.hxx" />
		<Unit filename="stlx/type_traits_bcb.hxx" />
		<Unit filename="stlx/type_traits_fwd.hxx" />
		<Unit filename="stlx/type_traits_gnuc.hxx" />
		<Unit filename="stlx/type_traits_msvc.hxx" />
		<Unit filename="stlx/typeindex.hxx" />
		<Unit filename="stlx/typeinfo.hxx" />
		<Unit filename="stlx/unordered_map.hxx" />
		<Unit filename="stlx/unordered_set.hxx" />
		<Unit filename="stlx/utility.hxx" />
		<Unit filename="stlx/vector.hxx" />
		<Unit filename="win/application.hxx" />
		<Unit filename="win/com.hxx" />
		<Unit filename="win/console.hxx" />
		<Unit filename="win/error.hxx" />
		<Unit filename="win/handle.hxx" />
		<Unit filename="win/library.hxx" />
		<Unit filename="win/scm.hxx" />
		<Unit filename="win/windef.hxx" />
		<Unit filename="win/xml.hxx" />
		<Unit filename="winapp.hxx" />
		<Extensions>
			<code_completion />
			<envvars />
			<debugger />
			<lib_finder disable_auto="1" />
		</Extensions>
	</Project>
</CodeBlocks_project_file>
